# This file is automatically @generated by Poetry 2.3.4 and should not be changed by hand.

[[package]]
name = "exploit"
version = "0.1"
description = ""
optional = false
python-versions = "*"
groups = ["main"]
files = []
develop = true

[package.source]
type = "directory"
url = "exploit-pkg"

[metadata]
lock-version = "2.1"
python-versions = "^3.8"
content-hash = "ef9af7d824ecbe1d07f7b39f4a7e77c5891450e2eb06f9216b02d98572e23057"
