# This file is automatically @generated by Poetry 2.3.4 and should not be changed by hand.

[[package]]
name = "exploit"
version = "0.1"
description = ""
optional = false
python-versions = "*"
groups = ["main"]
files = []
develop = true

[package.source]
type = "directory"
url = "exploit"

[metadata]
lock-version = "2.1"
python-versions = "^3.12"
content-hash = "8e57fe766c560848b5129174950c1e2231cd2d1e9ac8c1286b1c136e42495a3f"
